
Microsoft Visual Studio Solution File, Format Version 12.00
# Visual Studio Version 17
VisualStudioVersion = 17.11.35222.181
MinimumVisualStudioVersion = 10.0.40219.1
Project("{9A19103F-16F7-4668-BE54-9A1E7A4F7556}") = "setilab2", "setilab2\setilab2.csproj", "{AEA1B778-F87A-4FD4-85F9-6F4F9A0445E6}"
EndProject
Global
	GlobalSection(SolutionConfigurationPlatforms) = preSolution
		Debug|Any CPU = Debug|Any CPU
		Release|Any CPU = Release|Any CPU
	EndGlobalSection
	GlobalSection(ProjectConfigurationPlatforms) = postSolution
		{AEA1B778-F87A-4FD4-85F9-6F4F9A0445E6}.Debug|Any CPU.ActiveCfg = Debug|Any CPU
		{AEA1B778-F87A-4FD4-85F9-6F4F9A0445E6}.Debug|Any CPU.Build.0 = Debug|Any CPU
		{AEA1B778-F87A-4FD4-85F9-6F4F9A0445E6}.Release|Any CPU.ActiveCfg = Release|Any CPU
		{AEA1B778-F87A-4FD4-85F9-6F4F9A0445E6}.Release|Any CPU.Build.0 = Release|Any CPU
	EndGlobalSection
	GlobalSection(SolutionProperties) = preSolution
		HideSolutionNode = FALSE
	EndGlobalSection
	GlobalSection(ExtensibilityGlobals) = postSolution
		SolutionGuid = {3BDAA0B4-CB55-4F52-85C5-AB7F9FD36C3D}
	EndGlobalSection
EndGlobal
